
Microsoft Visual Studio Solution File, Format Version 12.00
# Visual Studio Version 17
VisualStudioVersion = 17.12.35527.113 d17.12
MinimumVisualStudioVersion = 10.0.40219.1
Project("{FAE04EC0-301F-11D3-BF4B-00C04F79EFBC}") = "Cascading_React.Server", "Cascading_React.Server\Cascading_React.Server.csproj", "{8AA5E7EE-D47C-4F7F-9518-343EC6AAA694}"
EndProject
Project("{54A90642-561A-4BB1-A94E-469ADEE60C69}") = "cascading_react.client", "cascading_react.client\cascading_react.client.esproj", "{28982414-4550-4925-AB85-BE7BE8ACD0F7}"
EndProject
Global
	GlobalSection(SolutionConfigurationPlatforms) = preSolution
		Debug|Any CPU = Debug|Any CPU
		Release|Any CPU = Release|Any CPU
	EndGlobalSection
	GlobalSection(ProjectConfigurationPlatforms) = postSolution
		{8AA5E7EE-D47C-4F7F-9518-343EC6AAA694}.Debug|Any CPU.ActiveCfg = Debug|Any CPU
		{8AA5E7EE-D47C-4F7F-9518-343EC6AAA694}.Debug|Any CPU.Build.0 = Debug|Any CPU
		{8AA5E7EE-D47C-4F7F-9518-343EC6AAA694}.Release|Any CPU.ActiveCfg = Release|Any CPU
		{8AA5E7EE-D47C-4F7F-9518-343EC6AAA694}.Release|Any CPU.Build.0 = Release|Any CPU
		{28982414-4550-4925-AB85-BE7BE8ACD0F7}.Debug|Any CPU.ActiveCfg = Debug|Any CPU
		{28982414-4550-4925-AB85-BE7BE8ACD0F7}.Debug|Any CPU.Build.0 = Debug|Any CPU
		{28982414-4550-4925-AB85-BE7BE8ACD0F7}.Debug|Any CPU.Deploy.0 = Debug|Any CPU
		{28982414-4550-4925-AB85-BE7BE8ACD0F7}.Release|Any CPU.ActiveCfg = Release|Any CPU
		{28982414-4550-4925-AB85-BE7BE8ACD0F7}.Release|Any CPU.Build.0 = Release|Any CPU
		{28982414-4550-4925-AB85-BE7BE8ACD0F7}.Release|Any CPU.Deploy.0 = Release|Any CPU
	EndGlobalSection
	GlobalSection(SolutionProperties) = preSolution
		HideSolutionNode = FALSE
	EndGlobalSection
EndGlobal
